{
  "originHash" : "28ed3f07e53cb311991fde8ac7cd3631906093dbd15a77c92b1f143945016d02",
  "pins" : [
    {
      "identity" : "rive-ios",
      "kind" : "remoteSourceControl",
      "location" : "https://github.com/rive-app/rive-ios",
      "state" : {
        "revision" : "6c1150ec464f112856af17809cb858ce38dee93a",
        "version" : "6.22.0"
      }
    }
  ],
  "version" : 3
}
